// !$*UTF8*$!
{
	archiveVersion = 1;
	classes = {
	};
	objectVersion = 52;
	objects = {

/* Begin PBXBuildFile section */
		0FA8480BA4BD36D651836D69 /* Pods_BliinkSampleUITests.framework in Frameworks */ = {isa = PBXBuildFile; fileRef = C521BE6733C92ACE99CD4F4A /* Pods_BliinkSampleUITests.framework */; };
		3A9F520A2088E83B00A0CA48 /* AppDelegate.swift in Sources */ = {isa = PBXBuildFile; fileRef = 3A9F52092088E83B00A0CA48 /* AppDelegate.swift */; };
		3A9F520C2088E83C00A0CA48 /* InImageBasicController.swift in Sources */ = {isa = PBXBuildFile; fileRef = 3A9F520B2088E83C00A0CA48 /* InImageBasicController.swift */; };
		3A9F520F2088E83C00A0CA48 /* Main.storyboard in Resources */ = {isa = PBXBuildFile; fileRef = 3A9F520D2088E83C00A0CA48 /* Main.storyboard */; };
		3A9F52142088E83D00A0CA48 /* LaunchScreen.storyboard in Resources */ = {isa = PBXBuildFile; fileRef = 3A9F52122088E83D00A0CA48 /* LaunchScreen.storyboard */; };
		3A9F521F2088E83D00A0CA48 /* BliinkSampleTests.swift in Sources */ = {isa = PBXBuildFile; fileRef = 3A9F521E2088E83D00A0CA48 /* BliinkSampleTests.swift */; };
		3A9F522A2088E83D00A0CA48 /* BliinkSampleUITests.swift in Sources */ = {isa = PBXBuildFile; fileRef = 3A9F52292088E83D00A0CA48 /* BliinkSampleUITests.swift */; };
		6E4DAE3B2EE6148E44B8F8AC /* Pods_BliinkSample.framework in Frameworks */ = {isa = PBXBuildFile; fileRef = C40E638B44B7BF262F110EA5 /* Pods_BliinkSample.framework */; };
		803BA43420D3C493007D4FDC /* Constants.swift in Sources */ = {isa = PBXBuildFile; fileRef = 803BA43320D3C493007D4FDC /* Constants.swift */; };
		803BA43620D3E73C007D4FDC /* InImageScrollController.swift in Sources */ = {isa = PBXBuildFile; fileRef = 803BA43520D3E73C007D4FDC /* InImageScrollController.swift */; };
		8059352A20E3D24700E17F4D /* Assets.xcassets in Resources */ = {isa = PBXBuildFile; fileRef = 3A9F52102088E83D00A0CA48 /* Assets.xcassets */; };
		805E08BE20D812030009F3AE /* InImageSliderController.swift in Sources */ = {isa = PBXBuildFile; fileRef = 805E08BD20D812030009F3AE /* InImageSliderController.swift */; };
		8067A92620E12DD400EF48D6 /* InImageCollapseController.swift in Sources */ = {isa = PBXBuildFile; fileRef = 8067A92520E12DD400EF48D6 /* InImageCollapseController.swift */; };
		C71B8CBFA6AF1A73ABD25081 /* Pods_BliinkSampleTests.framework in Frameworks */ = {isa = PBXBuildFile; fileRef = 6B1505AB04C0D1B1EAA1EA2E /* Pods_BliinkSampleTests.framework */; };
/* End PBXBuildFile section */

/* Begin PBXContainerItemProxy section */
		3A9F521B2088E83D00A0CA48 /* PBXContainerItemProxy */ = {
			isa = PBXContainerItemProxy;
			containerPortal = 3A9F51FE2088E83B00A0CA48 /* Project object */;
			proxyType = 1;
			remoteGlobalIDString = 3A9F52052088E83B00A0CA48;
			remoteInfo = BliinkSample;
		};
		3A9F52262088E83D00A0CA48 /* PBXContainerItemProxy */ = {
			isa = PBXContainerItemProxy;
			containerPortal = 3A9F51FE2088E83B00A0CA48 /* Project object */;
			proxyType = 1;
			remoteGlobalIDString = 3A9F52052088E83B00A0CA48;
			remoteInfo = BliinkSample;
		};
/* End PBXContainerItemProxy section */

/* Begin PBXFileReference section */
		20CE09421C9CDC3D3353058D /* Pods-BliinkSampleTests.staging.xcconfig */ = {isa = PBXFileReference; includeInIndex = 1; lastKnownFileType = text.xcconfig; name = "Pods-BliinkSampleTests.staging.xcconfig"; path = "Target Support Files/Pods-BliinkSampleTests/Pods-BliinkSampleTests.staging.xcconfig"; sourceTree = "<group>"; };
		3452EE71C8B144FC0F2DE4F6 /* Pods-BliinkSample.release.xcconfig */ = {isa = PBXFileReference; includeInIndex = 1; lastKnownFileType = text.xcconfig; name = "Pods-BliinkSample.release.xcconfig"; path = "Target Support Files/Pods-BliinkSample/Pods-BliinkSample.release.xcconfig"; sourceTree = "<group>"; };
		3A9F52062088E83B00A0CA48 /* BliinkSample.app */ = {isa = PBXFileReference; explicitFileType = wrapper.application; includeInIndex = 0; path = BliinkSample.app; sourceTree = BUILT_PRODUCTS_DIR; };
		3A9F52092088E83B00A0CA48 /* AppDelegate.swift */ = {isa = PBXFileReference; lastKnownFileType = sourcecode.swift; path = AppDelegate.swift; sourceTree = "<group>"; };
		3A9F520B2088E83C00A0CA48 /* InImageBasicController.swift */ = {isa = PBXFileReference; lastKnownFileType = sourcecode.swift; path = InImageBasicController.swift; sourceTree = "<group>"; };
		3A9F520E2088E83C00A0CA48 /* Base */ = {isa = PBXFileReference; lastKnownFileType = file.storyboard; name = Base; path = Base.lproj/Main.storyboard; sourceTree = "<group>"; };
		3A9F52102088E83D00A0CA48 /* Assets.xcassets */ = {isa = PBXFileReference; lastKnownFileType = folder.assetcatalog; path = Assets.xcassets; sourceTree = "<group>"; };
		3A9F52132088E83D00A0CA48 /* Base */ = {isa = PBXFileReference; lastKnownFileType = file.storyboard; name = Base; path = Base.lproj/LaunchScreen.storyboard; sourceTree = "<group>"; };
		3A9F52152088E83D00A0CA48 /* Info.plist */ = {isa = PBXFileReference; lastKnownFileType = text.plist.xml; path = Info.plist; sourceTree = "<group>"; };
		3A9F521A2088E83D00A0CA48 /* BliinkSampleTests.xctest */ = {isa = PBXFileReference; explicitFileType = wrapper.cfbundle; includeInIndex = 0; path = BliinkSampleTests.xctest; sourceTree = BUILT_PRODUCTS_DIR; };
		3A9F521E2088E83D00A0CA48 /* BliinkSampleTests.swift */ = {isa = PBXFileReference; lastKnownFileType = sourcecode.swift; path = BliinkSampleTests.swift; sourceTree = "<group>"; };
		3A9F52202088E83D00A0CA48 /* Info.plist */ = {isa = PBXFileReference; lastKnownFileType = text.plist.xml; path = Info.plist; sourceTree = "<group>"; };
		3A9F52252088E83D00A0CA48 /* BliinkSampleUITests.xctest */ = {isa = PBXFileReference; explicitFileType = wrapper.cfbundle; includeInIndex = 0; path = BliinkSampleUITests.xctest; sourceTree = BUILT_PRODUCTS_DIR; };
		3A9F52292088E83D00A0CA48 /* BliinkSampleUITests.swift */ = {isa = PBXFileReference; lastKnownFileType = sourcecode.swift; path = BliinkSampleUITests.swift; sourceTree = "<group>"; };
		3A9F522B2088E83D00A0CA48 /* Info.plist */ = {isa = PBXFileReference; lastKnownFileType = text.plist.xml; path = Info.plist; sourceTree = "<group>"; };
		5DC20DD4E01A5F12346CBD42 /* Pods-BliinkSampleUITests.release.xcconfig */ = {isa = PBXFileReference; includeInIndex = 1; lastKnownFileType = text.xcconfig; name = "Pods-BliinkSampleUITests.release.xcconfig"; path = "Target Support Files/Pods-BliinkSampleUITests/Pods-BliinkSampleUITests.release.xcconfig"; sourceTree = "<group>"; };
		6B1505AB04C0D1B1EAA1EA2E /* Pods_BliinkSampleTests.framework */ = {isa = PBXFileReference; explicitFileType = wrapper.framework; includeInIndex = 0; path = Pods_BliinkSampleTests.framework; sourceTree = BUILT_PRODUCTS_DIR; };
		803BA43320D3C493007D4FDC /* Constants.swift */ = {isa = PBXFileReference; lastKnownFileType = sourcecode.swift; path = Constants.swift; sourceTree = "<group>"; };
		803BA43520D3E73C007D4FDC /* InImageScrollController.swift */ = {isa = PBXFileReference; lastKnownFileType = sourcecode.swift; path = InImageScrollController.swift; sourceTree = "<group>"; };
		805E08BD20D812030009F3AE /* InImageSliderController.swift */ = {isa = PBXFileReference; lastKnownFileType = sourcecode.swift; path = InImageSliderController.swift; sourceTree = "<group>"; };
		8067A92520E12DD400EF48D6 /* InImageCollapseController.swift */ = {isa = PBXFileReference; lastKnownFileType = sourcecode.swift; path = InImageCollapseController.swift; sourceTree = "<group>"; };
		B720834663997F27369CE870 /* Pods-BliinkSampleUITests.debug.xcconfig */ = {isa = PBXFileReference; includeInIndex = 1; lastKnownFileType = text.xcconfig; name = "Pods-BliinkSampleUITests.debug.xcconfig"; path = "Target Support Files/Pods-BliinkSampleUITests/Pods-BliinkSampleUITests.debug.xcconfig"; sourceTree = "<group>"; };
		BBACA91FC389D08EA7BA6E69 /* Pods-BliinkSample.debug.xcconfig */ = {isa = PBXFileReference; includeInIndex = 1; lastKnownFileType = text.xcconfig; name = "Pods-BliinkSample.debug.xcconfig"; path = "Target Support Files/Pods-BliinkSample/Pods-BliinkSample.debug.xcconfig"; sourceTree = "<group>"; };
		C40E638B44B7BF262F110EA5 /* Pods_BliinkSample.framework */ = {isa = PBXFileReference; explicitFileType = wrapper.framework; includeInIndex = 0; path = Pods_BliinkSample.framework; sourceTree = BUILT_PRODUCTS_DIR; };
		C521BE6733C92ACE99CD4F4A /* Pods_BliinkSampleUITests.framework */ = {isa = PBXFileReference; explicitFileType = wrapper.framework; includeInIndex = 0; path = Pods_BliinkSampleUITests.framework; sourceTree = BUILT_PRODUCTS_DIR; };
		CC8C3C45E64633750F3074BB /* Pods-BliinkSampleTests.release.xcconfig */ = {isa = PBXFileReference; includeInIndex = 1; lastKnownFileType = text.xcconfig; name = "Pods-BliinkSampleTests.release.xcconfig"; path = "Target Support Files/Pods-BliinkSampleTests/Pods-BliinkSampleTests.release.xcconfig"; sourceTree = "<group>"; };
		DEAC39CCE6D1802FBD6C5E03 /* Pods-BliinkSampleTests.debug.xcconfig */ = {isa = PBXFileReference; includeInIndex = 1; lastKnownFileType = text.xcconfig; name = "Pods-BliinkSampleTests.debug.xcconfig"; path = "Target Support Files/Pods-BliinkSampleTests/Pods-BliinkSampleTests.debug.xcconfig"; sourceTree = "<group>"; };
		F22263883DFBC9BD5417C4E4 /* Pods-BliinkSampleUITests.staging.xcconfig */ = {isa = PBXFileReference; includeInIndex = 1; lastKnownFileType = text.xcconfig; name = "Pods-BliinkSampleUITests.staging.xcconfig"; path = "Target Support Files/Pods-BliinkSampleUITests/Pods-BliinkSampleUITests.staging.xcconfig"; sourceTree = "<group>"; };
		FD2A0163B0CA664DAE7CDBDF /* Pods-BliinkSample.staging.xcconfig */ = {isa = PBXFileReference; includeInIndex = 1; lastKnownFileType = text.xcconfig; name = "Pods-BliinkSample.staging.xcconfig"; path = "Target Support Files/Pods-BliinkSample/Pods-BliinkSample.staging.xcconfig"; sourceTree = "<group>"; };
/* End PBXFileReference section */

/* Begin PBXFrameworksBuildPhase section */
		3A9F52032088E83B00A0CA48 /* Frameworks */ = {
			isa = PBXFrameworksBuildPhase;
			buildActionMask = 2147483647;
			files = (
				6E4DAE3B2EE6148E44B8F8AC /* Pods_BliinkSample.framework in Frameworks */,
			);
			runOnlyForDeploymentPostprocessing = 0;
		};
		3A9F52172088E83D00A0CA48 /* Frameworks */ = {
			isa = PBXFrameworksBuildPhase;
			buildActionMask = 2147483647;
			files = (
				C71B8CBFA6AF1A73ABD25081 /* Pods_BliinkSampleTests.framework in Frameworks */,
			);
			runOnlyForDeploymentPostprocessing = 0;
		};
		3A9F52222088E83D00A0CA48 /* Frameworks */ = {
			isa = PBXFrameworksBuildPhase;
			buildActionMask = 2147483647;
			files = (
				0FA8480BA4BD36D651836D69 /* Pods_BliinkSampleUITests.framework in Frameworks */,
			);
			runOnlyForDeploymentPostprocessing = 0;
		};
/* End PBXFrameworksBuildPhase section */

/* Begin PBXGroup section */
		3A9F51FD2088E83B00A0CA48 = {
			isa = PBXGroup;
			children = (
				3A9F52082088E83B00A0CA48 /* BliinkSample */,
				3A9F521D2088E83D00A0CA48 /* BliinkSampleTests */,
				3A9F52282088E83D00A0CA48 /* BliinkSampleUITests */,
				3A9F52072088E83B00A0CA48 /* Products */,
				A35E5936DD45146A67E11795 /* Pods */,
				7F43012F632FF532DA4481F1 /* Frameworks */,
			);
			sourceTree = "<group>";
		};
		3A9F52072088E83B00A0CA48 /* Products */ = {
			isa = PBXGroup;
			children = (
				3A9F52062088E83B00A0CA48 /* BliinkSample.app */,
				3A9F521A2088E83D00A0CA48 /* BliinkSampleTests.xctest */,
				3A9F52252088E83D00A0CA48 /* BliinkSampleUITests.xctest */,
			);
			name = Products;
			sourceTree = "<group>";
		};
		3A9F52082088E83B00A0CA48 /* BliinkSample */ = {
			isa = PBXGroup;
			children = (
				803BA43220D3C47B007D4FDC /* Utils */,
				3A9F523F2088E94000A0CA48 /* Config */,
				3A9F523E2088E92300A0CA48 /* Controlers */,
				3A9F523D2088E91000A0CA48 /* Ui */,
				3A9F52152088E83D00A0CA48 /* Info.plist */,
			);
			path = BliinkSample;
			sourceTree = "<group>";
		};
		3A9F521D2088E83D00A0CA48 /* BliinkSampleTests */ = {
			isa = PBXGroup;
			children = (
				3A9F521E2088E83D00A0CA48 /* BliinkSampleTests.swift */,
				3A9F52202088E83D00A0CA48 /* Info.plist */,
			);
			path = BliinkSampleTests;
			sourceTree = "<group>";
		};
		3A9F52282088E83D00A0CA48 /* BliinkSampleUITests */ = {
			isa = PBXGroup;
			children = (
				3A9F52292088E83D00A0CA48 /* BliinkSampleUITests.swift */,
				3A9F522B2088E83D00A0CA48 /* Info.plist */,
			);
			path = BliinkSampleUITests;
			sourceTree = "<group>";
		};
		3A9F523D2088E91000A0CA48 /* Ui */ = {
			isa = PBXGroup;
			children = (
				3A9F520D2088E83C00A0CA48 /* Main.storyboard */,
				3A9F52102088E83D00A0CA48 /* Assets.xcassets */,
				3A9F52122088E83D00A0CA48 /* LaunchScreen.storyboard */,
			);
			path = Ui;
			sourceTree = "<group>";
		};
		3A9F523E2088E92300A0CA48 /* Controlers */ = {
			isa = PBXGroup;
			children = (
				3A9F520B2088E83C00A0CA48 /* InImageBasicController.swift */,
				803BA43520D3E73C007D4FDC /* InImageScrollController.swift */,
				805E08BD20D812030009F3AE /* InImageSliderController.swift */,
				8067A92520E12DD400EF48D6 /* InImageCollapseController.swift */,
			);
			path = Controlers;
			sourceTree = "<group>";
		};
		3A9F523F2088E94000A0CA48 /* Config */ = {
			isa = PBXGroup;
			children = (
				3A9F52092088E83B00A0CA48 /* AppDelegate.swift */,
			);
			path = Config;
			sourceTree = "<group>";
		};
		7F43012F632FF532DA4481F1 /* Frameworks */ = {
			isa = PBXGroup;
			children = (
				C40E638B44B7BF262F110EA5 /* Pods_BliinkSample.framework */,
				6B1505AB04C0D1B1EAA1EA2E /* Pods_BliinkSampleTests.framework */,
				C521BE6733C92ACE99CD4F4A /* Pods_BliinkSampleUITests.framework */,
			);
			name = Frameworks;
			sourceTree = "<group>";
		};
		803BA43220D3C47B007D4FDC /* Utils */ = {
			isa = PBXGroup;
			children = (
				803BA43320D3C493007D4FDC /* Constants.swift */,
			);
			path = Utils;
			sourceTree = "<group>";
		};
		A35E5936DD45146A67E11795 /* Pods */ = {
			isa = PBXGroup;
			children = (
				BBACA91FC389D08EA7BA6E69 /* Pods-BliinkSample.debug.xcconfig */,
				FD2A0163B0CA664DAE7CDBDF /* Pods-BliinkSample.staging.xcconfig */,
				3452EE71C8B144FC0F2DE4F6 /* Pods-BliinkSample.release.xcconfig */,
				DEAC39CCE6D1802FBD6C5E03 /* Pods-BliinkSampleTests.debug.xcconfig */,
				20CE09421C9CDC3D3353058D /* Pods-BliinkSampleTests.staging.xcconfig */,
				CC8C3C45E64633750F3074BB /* Pods-BliinkSampleTests.release.xcconfig */,
				B720834663997F27369CE870 /* Pods-BliinkSampleUITests.debug.xcconfig */,
				F22263883DFBC9BD5417C4E4 /* Pods-BliinkSampleUITests.staging.xcconfig */,
				5DC20DD4E01A5F12346CBD42 /* Pods-BliinkSampleUITests.release.xcconfig */,
			);
			path = Pods;
			sourceTree = "<group>";
		};
/* End PBXGroup section */

/* Begin PBXNativeTarget section */
		3A9F52052088E83B00A0CA48 /* BliinkSample */ = {
			isa = PBXNativeTarget;
			buildConfigurationList = 3A9F522E2088E83D00A0CA48 /* Build configuration list for PBXNativeTarget "BliinkSample" */;
			buildPhases = (
				1D7D97E412EAB4B04835BBEF /* [CP] Check Pods Manifest.lock */,
				3A9F52022088E83B00A0CA48 /* Sources */,
				3A9F52032088E83B00A0CA48 /* Frameworks */,
				3A9F52042088E83B00A0CA48 /* Resources */,
				624F16B34700847374A1424C /* [CP] Embed Pods Frameworks */,
			);
			buildRules = (
			);
			dependencies = (
			);
			name = BliinkSample;
			productName = BliinkSample;
			productReference = 3A9F52062088E83B00A0CA48 /* BliinkSample.app */;
			productType = "com.apple.product-type.application";
		};
		3A9F52192088E83D00A0CA48 /* BliinkSampleTests */ = {
			isa = PBXNativeTarget;
			buildConfigurationList = 3A9F52312088E83D00A0CA48 /* Build configuration list for PBXNativeTarget "BliinkSampleTests" */;
			buildPhases = (
				B2963F122933D960B761CD71 /* [CP] Check Pods Manifest.lock */,
				3A9F52162088E83D00A0CA48 /* Sources */,
				3A9F52172088E83D00A0CA48 /* Frameworks */,
				3A9F52182088E83D00A0CA48 /* Resources */,
			);
			buildRules = (
			);
			dependencies = (
				3A9F521C2088E83D00A0CA48 /* PBXTargetDependency */,
			);
			name = BliinkSampleTests;
			productName = BliinkSampleTests;
			productReference = 3A9F521A2088E83D00A0CA48 /* BliinkSampleTests.xctest */;
			productType = "com.apple.product-type.bundle.unit-test";
		};
		3A9F52242088E83D00A0CA48 /* BliinkSampleUITests */ = {
			isa = PBXNativeTarget;
			buildConfigurationList = 3A9F52342088E83D00A0CA48 /* Build configuration list for PBXNativeTarget "BliinkSampleUITests" */;
			buildPhases = (
				8B73A4EDD80EA4048F660D21 /* [CP] Check Pods Manifest.lock */,
				3A9F52212088E83D00A0CA48 /* Sources */,
				3A9F52222088E83D00A0CA48 /* Frameworks */,
				3A9F52232088E83D00A0CA48 /* Resources */,
			);
			buildRules = (
			);
			dependencies = (
				3A9F52272088E83D00A0CA48 /* PBXTargetDependency */,
			);
			name = BliinkSampleUITests;
			productName = BliinkSampleUITests;
			productReference = 3A9F52252088E83D00A0CA48 /* BliinkSampleUITests.xctest */;
			productType = "com.apple.product-type.bundle.ui-testing";
		};
/* End PBXNativeTarget section */

/* Begin PBXProject section */
		3A9F51FE2088E83B00A0CA48 /* Project object */ = {
			isa = PBXProject;
			attributes = {
				LastSwiftUpdateCheck = 0930;
				LastUpgradeCheck = 0930;
				ORGANIZATIONNAME = "DAMS Saber";
				TargetAttributes = {
					3A9F52052088E83B00A0CA48 = {
						CreatedOnToolsVersion = 9.3;
						LastSwiftMigration = 1100;
					};
					3A9F52192088E83D00A0CA48 = {
						CreatedOnToolsVersion = 9.3;
						LastSwiftMigration = 1100;
						TestTargetID = 3A9F52052088E83B00A0CA48;
					};
					3A9F52242088E83D00A0CA48 = {
						CreatedOnToolsVersion = 9.3;
						LastSwiftMigration = 1100;
						TestTargetID = 3A9F52052088E83B00A0CA48;
					};
				};
			};
			buildConfigurationList = 3A9F52012088E83B00A0CA48 /* Build configuration list for PBXProject "BliinkSample" */;
			compatibilityVersion = "Xcode 11.0";
			developmentRegion = en;
			hasScannedForEncodings = 0;
			knownRegions = (
				en,
				Base,
			);
			mainGroup = 3A9F51FD2088E83B00A0CA48;
			productRefGroup = 3A9F52072088E83B00A0CA48 /* Products */;
			projectDirPath = "";
			projectRoot = "";
			targets = (
				3A9F52052088E83B00A0CA48 /* BliinkSample */,
				3A9F52192088E83D00A0CA48 /* BliinkSampleTests */,
				3A9F52242088E83D00A0CA48 /* BliinkSampleUITests */,
			);
		};
/* End PBXProject section */

/* Begin PBXResourcesBuildPhase section */
		3A9F52042088E83B00A0CA48 /* Resources */ = {
			isa = PBXResourcesBuildPhase;
			buildActionMask = 2147483647;
			files = (
				3A9F52142088E83D00A0CA48 /* LaunchScreen.storyboard in Resources */,
				8059352A20E3D24700E17F4D /* Assets.xcassets in Resources */,
				3A9F520F2088E83C00A0CA48 /* Main.storyboard in Resources */,
			);
			runOnlyForDeploymentPostprocessing = 0;
		};
		3A9F52182088E83D00A0CA48 /* Resources */ = {
			isa = PBXResourcesBuildPhase;
			buildActionMask = 2147483647;
			files = (
			);
			runOnlyForDeploymentPostprocessing = 0;
		};
		3A9F52232088E83D00A0CA48 /* Resources */ = {
			isa = PBXResourcesBuildPhase;
			buildActionMask = 2147483647;
			files = (
			);
			runOnlyForDeploymentPostprocessing = 0;
		};
/* End PBXResourcesBuildPhase section */

/* Begin PBXShellScriptBuildPhase section */
		1D7D97E412EAB4B04835BBEF /* [CP] Check Pods Manifest.lock */ = {
			isa = PBXShellScriptBuildPhase;
			buildActionMask = 2147483647;
			files = (
			);
			inputFileListPaths = (
			);
			inputPaths = (
				"${PODS_PODFILE_DIR_PATH}/Podfile.lock",
				"${PODS_ROOT}/Manifest.lock",
			);
			name = "[CP] Check Pods Manifest.lock";
			outputFileListPaths = (
			);
			outputPaths = (
				"$(DERIVED_FILE_DIR)/Pods-BliinkSample-checkManifestLockResult.txt",
			);
			runOnlyForDeploymentPostprocessing = 0;
			shellPath = /bin/sh;
			shellScript = "diff \"${PODS_PODFILE_DIR_PATH}/Podfile.lock\" \"${PODS_ROOT}/Manifest.lock\" > /dev/null\nif [ $? != 0 ] ; then\n    # print error to STDERR\n    echo \"error: The sandbox is not in sync with the Podfile.lock. Run 'pod install' or update your CocoaPods installation.\" >&2\n    exit 1\nfi\n# This output is used by Xcode 'outputs' to avoid re-running this script phase.\necho \"SUCCESS\" > \"${SCRIPT_OUTPUT_FILE_0}\"\n";
			showEnvVarsInLog = 0;
		};
		624F16B34700847374A1424C /* [CP] Embed Pods Frameworks */ = {
			isa = PBXShellScriptBuildPhase;
			buildActionMask = 2147483647;
			files = (
			);
			inputFileListPaths = (
				"${PODS_ROOT}/Target Support Files/Pods-BliinkSample/Pods-BliinkSample-frameworks-${CONFIGURATION}-input-files.xcfilelist",
			);
			name = "[CP] Embed Pods Frameworks";
			outputFileListPaths = (
				"${PODS_ROOT}/Target Support Files/Pods-BliinkSample/Pods-BliinkSample-frameworks-${CONFIGURATION}-output-files.xcfilelist",
			);
			runOnlyForDeploymentPostprocessing = 0;
			shellPath = /bin/sh;
			shellScript = "\"${PODS_ROOT}/Target Support Files/Pods-BliinkSample/Pods-BliinkSample-frameworks.sh\"\n";
			showEnvVarsInLog = 0;
		};
		8B73A4EDD80EA4048F660D21 /* [CP] Check Pods Manifest.lock */ = {
			isa = PBXShellScriptBuildPhase;
			buildActionMask = 2147483647;
			files = (
			);
			inputFileListPaths = (
			);
			inputPaths = (
				"${PODS_PODFILE_DIR_PATH}/Podfile.lock",
				"${PODS_ROOT}/Manifest.lock",
			);
			name = "[CP] Check Pods Manifest.lock";
			outputFileListPaths = (
			);
			outputPaths = (
				"$(DERIVED_FILE_DIR)/Pods-BliinkSampleUITests-checkManifestLockResult.txt",
			);
			runOnlyForDeploymentPostprocessing = 0;
			shellPath = /bin/sh;
			shellScript = "diff \"${PODS_PODFILE_DIR_PATH}/Podfile.lock\" \"${PODS_ROOT}/Manifest.lock\" > /dev/null\nif [ $? != 0 ] ; then\n    # print error to STDERR\n    echo \"error: The sandbox is not in sync with the Podfile.lock. Run 'pod install' or update your CocoaPods installation.\" >&2\n    exit 1\nfi\n# This output is used by Xcode 'outputs' to avoid re-running this script phase.\necho \"SUCCESS\" > \"${SCRIPT_OUTPUT_FILE_0}\"\n";
			showEnvVarsInLog = 0;
		};
		B2963F122933D960B761CD71 /* [CP] Check Pods Manifest.lock */ = {
			isa = PBXShellScriptBuildPhase;
			buildActionMask = 2147483647;
			files = (
			);
			inputFileListPaths = (
			);
			inputPaths = (
				"${PODS_PODFILE_DIR_PATH}/Podfile.lock",
				"${PODS_ROOT}/Manifest.lock",
			);
			name = "[CP] Check Pods Manifest.lock";
			outputFileListPaths = (
			);
			outputPaths = (
				"$(DERIVED_FILE_DIR)/Pods-BliinkSampleTests-checkManifestLockResult.txt",
			);
			runOnlyForDeploymentPostprocessing = 0;
			shellPath = /bin/sh;
			shellScript = "diff \"${PODS_PODFILE_DIR_PATH}/Podfile.lock\" \"${PODS_ROOT}/Manifest.lock\" > /dev/null\nif [ $? != 0 ] ; then\n    # print error to STDERR\n    echo \"error: The sandbox is not in sync with the Podfile.lock. Run 'pod install' or update your CocoaPods installation.\" >&2\n    exit 1\nfi\n# This output is used by Xcode 'outputs' to avoid re-running this script phase.\necho \"SUCCESS\" > \"${SCRIPT_OUTPUT_FILE_0}\"\n";
			showEnvVarsInLog = 0;
		};
/* End PBXShellScriptBuildPhase section */

/* Begin PBXSourcesBuildPhase section */
		3A9F52022088E83B00A0CA48 /* Sources */ = {
			isa = PBXSourcesBuildPhase;
			buildActionMask = 2147483647;
			files = (
				3A9F520C2088E83C00A0CA48 /* InImageBasicController.swift in Sources */,
				8067A92620E12DD400EF48D6 /* InImageCollapseController.swift in Sources */,
				805E08BE20D812030009F3AE /* InImageSliderController.swift in Sources */,
				803BA43620D3E73C007D4FDC /* InImageScrollController.swift in Sources */,
				3A9F520A2088E83B00A0CA48 /* AppDelegate.swift in Sources */,
				803BA43420D3C493007D4FDC /* Constants.swift in Sources */,
			);
			runOnlyForDeploymentPostprocessing = 0;
		};
		3A9F52162088E83D00A0CA48 /* Sources */ = {
			isa = PBXSourcesBuildPhase;
			buildActionMask = 2147483647;
			files = (
				3A9F521F2088E83D00A0CA48 /* BliinkSampleTests.swift in Sources */,
			);
			runOnlyForDeploymentPostprocessing = 0;
		};
		3A9F52212088E83D00A0CA48 /* Sources */ = {
			isa = PBXSourcesBuildPhase;
			buildActionMask = 2147483647;
			files = (
				3A9F522A2088E83D00A0CA48 /* BliinkSampleUITests.swift in Sources */,
			);
			runOnlyForDeploymentPostprocessing = 0;
		};
/* End PBXSourcesBuildPhase section */

/* Begin PBXTargetDependency section */
		3A9F521C2088E83D00A0CA48 /* PBXTargetDependency */ = {
			isa = PBXTargetDependency;
			target = 3A9F52052088E83B00A0CA48 /* BliinkSample */;
			targetProxy = 3A9F521B2088E83D00A0CA48 /* PBXContainerItemProxy */;
		};
		3A9F52272088E83D00A0CA48 /* PBXTargetDependency */ = {
			isa = PBXTargetDependency;
			target = 3A9F52052088E83B00A0CA48 /* BliinkSample */;
			targetProxy = 3A9F52262088E83D00A0CA48 /* PBXContainerItemProxy */;
		};
/* End PBXTargetDependency section */

/* Begin PBXVariantGroup section */
		3A9F520D2088E83C00A0CA48 /* Main.storyboard */ = {
			isa = PBXVariantGroup;
			children = (
				3A9F520E2088E83C00A0CA48 /* Base */,
			);
			name = Main.storyboard;
			sourceTree = "<group>";
		};
		3A9F52122088E83D00A0CA48 /* LaunchScreen.storyboard */ = {
			isa = PBXVariantGroup;
			children = (
				3A9F52132088E83D00A0CA48 /* Base */,
			);
			name = LaunchScreen.storyboard;
			sourceTree = "<group>";
		};
/* End PBXVariantGroup section */

/* Begin XCBuildConfiguration section */
		3A9F522C2088E83D00A0CA48 /* Debug */ = {
			isa = XCBuildConfiguration;
			buildSettings = {
				ALWAYS_SEARCH_USER_PATHS = NO;
				CLANG_ANALYZER_NONNULL = YES;
				CLANG_ANALYZER_NUMBER_OBJECT_CONVERSION = YES_AGGRESSIVE;
				CLANG_CXX_LANGUAGE_STANDARD = "gnu++14";
				CLANG_CXX_LIBRARY = "libc++";
				CLANG_ENABLE_MODULES = YES;
				CLANG_ENABLE_OBJC_ARC = YES;
				CLANG_ENABLE_OBJC_WEAK = YES;
				CLANG_WARN_BLOCK_CAPTURE_AUTORELEASING = YES;
				CLANG_WARN_BOOL_CONVERSION = YES;
				CLANG_WARN_COMMA = YES;
				CLANG_WARN_CONSTANT_CONVERSION = YES;
				CLANG_WARN_DEPRECATED_OBJC_IMPLEMENTATIONS = YES;
				CLANG_WARN_DIRECT_OBJC_ISA_USAGE = YES_ERROR;
				CLANG_WARN_DOCUMENTATION_COMMENTS = YES;
				CLANG_WARN_EMPTY_BODY = YES;
				CLANG_WARN_ENUM_CONVERSION = YES;
				CLANG_WARN_INFINITE_RECURSION = YES;
				CLANG_WARN_INT_CONVERSION = YES;
				CLANG_WARN_NON_LITERAL_NULL_CONVERSION = YES;
				CLANG_WARN_OBJC_IMPLICIT_RETAIN_SELF = YES;
				CLANG_WARN_OBJC_LITERAL_CONVERSION = YES;
				CLANG_WARN_OBJC_ROOT_CLASS = YES_ERROR;
				CLANG_WARN_RANGE_LOOP_ANALYSIS = YES;
				CLANG_WARN_STRICT_PROTOTYPES = YES;
				CLANG_WARN_SUSPICIOUS_MOVE = YES;
				CLANG_WARN_UNGUARDED_AVAILABILITY = YES_AGGRESSIVE;
				CLANG_WARN_UNREACHABLE_CODE = YES;
				CLANG_WARN__DUPLICATE_METHOD_MATCH = YES;
				CODE_SIGN_IDENTITY = "iPhone Developer";
				COPY_PHASE_STRIP = NO;
				DEBUG_INFORMATION_FORMAT = dwarf;
				ENABLE_STRICT_OBJC_MSGSEND = YES;
				ENABLE_TESTABILITY = YES;
				GCC_C_LANGUAGE_STANDARD = gnu11;
				GCC_DYNAMIC_NO_PIC = NO;
				GCC_NO_COMMON_BLOCKS = YES;
				GCC_OPTIMIZATION_LEVEL = 0;
				GCC_PREPROCESSOR_DEFINITIONS = (
					"DEBUG=1",
					"$(inherited)",
				);
				GCC_WARN_64_TO_32_BIT_CONVERSION = YES;
				GCC_WARN_ABOUT_RETURN_TYPE = YES_ERROR;
				GCC_WARN_UNDECLARED_SELECTOR = YES;
				GCC_WARN_UNINITIALIZED_AUTOS = YES_AGGRESSIVE;
				GCC_WARN_UNUSED_FUNCTION = YES;
				GCC_WARN_UNUSED_VARIABLE = YES;
				IPHONEOS_DEPLOYMENT_TARGET = 12.1;
				MTL_ENABLE_DEBUG_INFO = YES;
				ONLY_ACTIVE_ARCH = YES;
				SDKROOT = iphoneos;
				SWIFT_ACTIVE_COMPILATION_CONDITIONS = DEBUG;
				SWIFT_OPTIMIZATION_LEVEL = "-Onone";
			};
			name = Debug;
		};
		3A9F522D2088E83D00A0CA48 /* Release */ = {
			isa = XCBuildConfiguration;
			buildSettings = {
				ALWAYS_SEARCH_USER_PATHS = NO;
				CLANG_ANALYZER_NONNULL = YES;
				CLANG_ANALYZER_NUMBER_OBJECT_CONVERSION = YES_AGGRESSIVE;
				CLANG_CXX_LANGUAGE_STANDARD = "gnu++14";
				CLANG_CXX_LIBRARY = "libc++";
				CLANG_ENABLE_MODULES = YES;
				CLANG_ENABLE_OBJC_ARC = YES;
				CLANG_ENABLE_OBJC_WEAK = YES;
				CLANG_WARN_BLOCK_CAPTURE_AUTORELEASING = YES;
				CLANG_WARN_BOOL_CONVERSION = YES;
				CLANG_WARN_COMMA = YES;
				CLANG_WARN_CONSTANT_CONVERSION = YES;
				CLANG_WARN_DEPRECATED_OBJC_IMPLEMENTATIONS = YES;
				CLANG_WARN_DIRECT_OBJC_ISA_USAGE = YES_ERROR;
				CLANG_WARN_DOCUMENTATION_COMMENTS = YES;
				CLANG_WARN_EMPTY_BODY = YES;
				CLANG_WARN_ENUM_CONVERSION = YES;
				CLANG_WARN_INFINITE_RECURSION = YES;
				CLANG_WARN_INT_CONVERSION = YES;
				CLANG_WARN_NON_LITERAL_NULL_CONVERSION = YES;
				CLANG_WARN_OBJC_IMPLICIT_RETAIN_SELF = YES;
				CLANG_WARN_OBJC_LITERAL_CONVERSION = YES;
				CLANG_WARN_OBJC_ROOT_CLASS = YES_ERROR;
				CLANG_WARN_RANGE_LOOP_ANALYSIS = YES;
				CLANG_WARN_STRICT_PROTOTYPES = YES;
				CLANG_WARN_SUSPICIOUS_MOVE = YES;
				CLANG_WARN_UNGUARDED_AVAILABILITY = YES_AGGRESSIVE;
				CLANG_WARN_UNREACHABLE_CODE = YES;
				CLANG_WARN__DUPLICATE_METHOD_MATCH = YES;
				CODE_SIGN_IDENTITY = "iPhone Developer";
				COPY_PHASE_STRIP = NO;
				DEBUG_INFORMATION_FORMAT = "dwarf-with-dsym";
				ENABLE_NS_ASSERTIONS = NO;
				ENABLE_STRICT_OBJC_MSGSEND = YES;
				GCC_C_LANGUAGE_STANDARD = gnu11;
				GCC_NO_COMMON_BLOCKS = YES;
				GCC_WARN_64_TO_32_BIT_CONVERSION = YES;
				GCC_WARN_ABOUT_RETURN_TYPE = YES_ERROR;
				GCC_WARN_UNDECLARED_SELECTOR = YES;
				GCC_WARN_UNINITIALIZED_AUTOS = YES_AGGRESSIVE;
				GCC_WARN_UNUSED_FUNCTION = YES;
				GCC_WARN_UNUSED_VARIABLE = YES;
				IPHONEOS_DEPLOYMENT_TARGET = 12.1;
				MTL_ENABLE_DEBUG_INFO = NO;
				SDKROOT = iphoneos;
				SWIFT_COMPILATION_MODE = wholemodule;
				SWIFT_OPTIMIZATION_LEVEL = "-O";
				VALIDATE_PRODUCT = YES;
			};
			name = Release;
		};
		3A9F522F2088E83D00A0CA48 /* Debug */ = {
			isa = XCBuildConfiguration;
			baseConfigurationReference = BBACA91FC389D08EA7BA6E69 /* Pods-BliinkSample.debug.xcconfig */;
			buildSettings = {
				"ARCHS[sdk=iphonesimulator*]" = (
					i368,
					x86_64,
				);
				ASSETCATALOG_COMPILER_APPICON_NAME = AppIcon;
				CODE_SIGN_IDENTITY = "iPhone Developer";
				CODE_SIGN_STYLE = Automatic;
				DEVELOPMENT_TEAM = "";
				INFOPLIST_FILE = BliinkSample/Info.plist;
				IPHONEOS_DEPLOYMENT_TARGET = 12.0;
				LD_RUNPATH_SEARCH_PATHS = (
					"$(inherited)",
					"@executable_path/Frameworks",
				);
				ONLY_ACTIVE_ARCH = YES;
				PRODUCT_BUNDLE_IDENTIFIER = io.bliink.sdk.BliinkSample;
				PRODUCT_NAME = "$(TARGET_NAME)";
				PROVISIONING_PROFILE_SPECIFIER = "";
				SWIFT_VERSION = 5.0;
				TARGETED_DEVICE_FAMILY = "1,2";
				VALID_ARCHS = "arm64 arm64e armv7 armv7s";
				"VALID_ARCHS[sdk=iphonesimulator*]" = "i368 x86_64";
			};
			name = Debug;
		};
		3A9F52302088E83D00A0CA48 /* Release */ = {
			isa = XCBuildConfiguration;
			baseConfigurationReference = 3452EE71C8B144FC0F2DE4F6 /* Pods-BliinkSample.release.xcconfig */;
			buildSettings = {
				ASSETCATALOG_COMPILER_APPICON_NAME = AppIcon;
				CODE_SIGN_IDENTITY = "iPhone Developer";
				CODE_SIGN_STYLE = Automatic;
				DEVELOPMENT_TEAM = "";
				INFOPLIST_FILE = BliinkSample/Info.plist;
				IPHONEOS_DEPLOYMENT_TARGET = 12.0;
				LD_RUNPATH_SEARCH_PATHS = (
					"$(inherited)",
					"@executable_path/Frameworks",
				);
				ONLY_ACTIVE_ARCH = YES;
				PRODUCT_BUNDLE_IDENTIFIER = io.bliink.sdk.BliinkSample;
				PRODUCT_NAME = "$(TARGET_NAME)";
				PROVISIONING_PROFILE_SPECIFIER = "";
				SWIFT_VERSION = 5.0;
				TARGETED_DEVICE_FAMILY = "1,2";
				VALID_ARCHS = "arm64 arm64e armv7 armv7s";
				"VALID_ARCHS[sdk=iphonesimulator*]" = "i368 x86_64";
			};
			name = Release;
		};
		3A9F52322088E83D00A0CA48 /* Debug */ = {
			isa = XCBuildConfiguration;
			baseConfigurationReference = DEAC39CCE6D1802FBD6C5E03 /* Pods-BliinkSampleTests.debug.xcconfig */;
			buildSettings = {
				ALWAYS_EMBED_SWIFT_STANDARD_LIBRARIES = YES;
				BUNDLE_LOADER = "$(TEST_HOST)";
				CODE_SIGN_STYLE = Automatic;
				INFOPLIST_FILE = BliinkSampleTests/Info.plist;
				LD_RUNPATH_SEARCH_PATHS = (
					"$(inherited)",
					"@executable_path/Frameworks",
					"@loader_path/Frameworks",
				);
				PRODUCT_BUNDLE_IDENTIFIER = com.bliink.Sample.BliinkSampleTests;
				PRODUCT_NAME = "$(TARGET_NAME)";
				SWIFT_VERSION = 5.0;
				TARGETED_DEVICE_FAMILY = "1,2";
				TEST_HOST = "$(BUILT_PRODUCTS_DIR)/BliinkSample.app/BliinkSample";
			};
			name = Debug;
		};
		3A9F52332088E83D00A0CA48 /* Release */ = {
			isa = XCBuildConfiguration;
			baseConfigurationReference = CC8C3C45E64633750F3074BB /* Pods-BliinkSampleTests.release.xcconfig */;
			buildSettings = {
				ALWAYS_EMBED_SWIFT_STANDARD_LIBRARIES = YES;
				BUNDLE_LOADER = "$(TEST_HOST)";
				CODE_SIGN_STYLE = Automatic;
				INFOPLIST_FILE = BliinkSampleTests/Info.plist;
				LD_RUNPATH_SEARCH_PATHS = (
					"$(inherited)",
					"@executable_path/Frameworks",
					"@loader_path/Frameworks",
				);
				PRODUCT_BUNDLE_IDENTIFIER = com.bliink.Sample.BliinkSampleTests;
				PRODUCT_NAME = "$(TARGET_NAME)";
				SWIFT_VERSION = 5.0;
				TARGETED_DEVICE_FAMILY = "1,2";
				TEST_HOST = "$(BUILT_PRODUCTS_DIR)/BliinkSample.app/BliinkSample";
			};
			name = Release;
		};
		3A9F52352088E83D00A0CA48 /* Debug */ = {
			isa = XCBuildConfiguration;
			baseConfigurationReference = B720834663997F27369CE870 /* Pods-BliinkSampleUITests.debug.xcconfig */;
			buildSettings = {
				ALWAYS_EMBED_SWIFT_STANDARD_LIBRARIES = YES;
				CODE_SIGN_STYLE = Automatic;
				INFOPLIST_FILE = BliinkSampleUITests/Info.plist;
				LD_RUNPATH_SEARCH_PATHS = (
					"$(inherited)",
					"@executable_path/Frameworks",
					"@loader_path/Frameworks",
				);
				PRODUCT_BUNDLE_IDENTIFIER = com.bliink.Sample.BliinkSampleUITests;
				PRODUCT_NAME = "$(TARGET_NAME)";
				SWIFT_VERSION = 5.0;
				TARGETED_DEVICE_FAMILY = "1,2";
				TEST_TARGET_NAME = BliinkSample;
			};
			name = Debug;
		};
		3A9F52362088E83D00A0CA48 /* Release */ = {
			isa = XCBuildConfiguration;
			baseConfigurationReference = 5DC20DD4E01A5F12346CBD42 /* Pods-BliinkSampleUITests.release.xcconfig */;
			buildSettings = {
				ALWAYS_EMBED_SWIFT_STANDARD_LIBRARIES = YES;
				CODE_SIGN_STYLE = Automatic;
				INFOPLIST_FILE = BliinkSampleUITests/Info.plist;
				LD_RUNPATH_SEARCH_PATHS = (
					"$(inherited)",
					"@executable_path/Frameworks",
					"@loader_path/Frameworks",
				);
				PRODUCT_BUNDLE_IDENTIFIER = com.bliink.Sample.BliinkSampleUITests;
				PRODUCT_NAME = "$(TARGET_NAME)";
				SWIFT_VERSION = 5.0;
				TARGETED_DEVICE_FAMILY = "1,2";
				TEST_TARGET_NAME = BliinkSample;
			};
			name = Release;
		};
		3AC4D692208E1FCB009297AE /* Staging */ = {
			isa = XCBuildConfiguration;
			buildSettings = {
				ALWAYS_SEARCH_USER_PATHS = NO;
				CLANG_ANALYZER_NONNULL = YES;
				CLANG_ANALYZER_NUMBER_OBJECT_CONVERSION = YES_AGGRESSIVE;
				CLANG_CXX_LANGUAGE_STANDARD = "gnu++14";
				CLANG_CXX_LIBRARY = "libc++";
				CLANG_ENABLE_MODULES = YES;
				CLANG_ENABLE_OBJC_ARC = YES;
				CLANG_ENABLE_OBJC_WEAK = YES;
				CLANG_WARN_BLOCK_CAPTURE_AUTORELEASING = YES;
				CLANG_WARN_BOOL_CONVERSION = YES;
				CLANG_WARN_COMMA = YES;
				CLANG_WARN_CONSTANT_CONVERSION = YES;
				CLANG_WARN_DEPRECATED_OBJC_IMPLEMENTATIONS = YES;
				CLANG_WARN_DIRECT_OBJC_ISA_USAGE = YES_ERROR;
				CLANG_WARN_DOCUMENTATION_COMMENTS = YES;
				CLANG_WARN_EMPTY_BODY = YES;
				CLANG_WARN_ENUM_CONVERSION = YES;
				CLANG_WARN_INFINITE_RECURSION = YES;
				CLANG_WARN_INT_CONVERSION = YES;
				CLANG_WARN_NON_LITERAL_NULL_CONVERSION = YES;
				CLANG_WARN_OBJC_IMPLICIT_RETAIN_SELF = YES;
				CLANG_WARN_OBJC_LITERAL_CONVERSION = YES;
				CLANG_WARN_OBJC_ROOT_CLASS = YES_ERROR;
				CLANG_WARN_RANGE_LOOP_ANALYSIS = YES;
				CLANG_WARN_STRICT_PROTOTYPES = YES;
				CLANG_WARN_SUSPICIOUS_MOVE = YES;
				CLANG_WARN_UNGUARDED_AVAILABILITY = YES_AGGRESSIVE;
				CLANG_WARN_UNREACHABLE_CODE = YES;
				CLANG_WARN__DUPLICATE_METHOD_MATCH = YES;
				CODE_SIGN_IDENTITY = "iPhone Developer";
				COPY_PHASE_STRIP = NO;
				DEBUG_INFORMATION_FORMAT = dwarf;
				ENABLE_STRICT_OBJC_MSGSEND = YES;
				ENABLE_TESTABILITY = YES;
				GCC_C_LANGUAGE_STANDARD = gnu11;
				GCC_DYNAMIC_NO_PIC = NO;
				GCC_NO_COMMON_BLOCKS = YES;
				GCC_OPTIMIZATION_LEVEL = 0;
				GCC_PREPROCESSOR_DEFINITIONS = (
					"DEBUG=1",
					"$(inherited)",
				);
				GCC_WARN_64_TO_32_BIT_CONVERSION = YES;
				GCC_WARN_ABOUT_RETURN_TYPE = YES_ERROR;
				GCC_WARN_UNDECLARED_SELECTOR = YES;
				GCC_WARN_UNINITIALIZED_AUTOS = YES_AGGRESSIVE;
				GCC_WARN_UNUSED_FUNCTION = YES;
				GCC_WARN_UNUSED_VARIABLE = YES;
				IPHONEOS_DEPLOYMENT_TARGET = 12.1;
				MTL_ENABLE_DEBUG_INFO = YES;
				ONLY_ACTIVE_ARCH = YES;
				SDKROOT = iphoneos;
				SWIFT_ACTIVE_COMPILATION_CONDITIONS = DEBUG;
				SWIFT_OPTIMIZATION_LEVEL = "-Onone";
			};
			name = Staging;
		};
		3AC4D693208E1FCB009297AE /* Staging */ = {
			isa = XCBuildConfiguration;
			baseConfigurationReference = FD2A0163B0CA664DAE7CDBDF /* Pods-BliinkSample.staging.xcconfig */;
			buildSettings = {
				ASSETCATALOG_COMPILER_APPICON_NAME = AppIcon;
				CODE_SIGN_IDENTITY = "iPhone Developer";
				CODE_SIGN_STYLE = Automatic;
				DEVELOPMENT_TEAM = "";
				INFOPLIST_FILE = BliinkSample/Info.plist;
				IPHONEOS_DEPLOYMENT_TARGET = 12.0;
				LD_RUNPATH_SEARCH_PATHS = (
					"$(inherited)",
					"@executable_path/Frameworks",
				);
				ONLY_ACTIVE_ARCH = YES;
				PRODUCT_BUNDLE_IDENTIFIER = io.bliink.sdk.BliinkSample;
				PRODUCT_NAME = "$(TARGET_NAME)";
				PROVISIONING_PROFILE_SPECIFIER = "";
				SWIFT_VERSION = 5.0;
				TARGETED_DEVICE_FAMILY = "1,2";
				VALID_ARCHS = "arm64 arm64e armv7 armv7s";
				"VALID_ARCHS[sdk=iphonesimulator*]" = "x86_64 i368";
			};
			name = Staging;
		};
		3AC4D694208E1FCB009297AE /* Staging */ = {
			isa = XCBuildConfiguration;
			baseConfigurationReference = 20CE09421C9CDC3D3353058D /* Pods-BliinkSampleTests.staging.xcconfig */;
			buildSettings = {
				ALWAYS_EMBED_SWIFT_STANDARD_LIBRARIES = YES;
				BUNDLE_LOADER = "$(TEST_HOST)";
				CODE_SIGN_STYLE = Automatic;
				INFOPLIST_FILE = BliinkSampleTests/Info.plist;
				LD_RUNPATH_SEARCH_PATHS = (
					"$(inherited)",
					"@executable_path/Frameworks",
					"@loader_path/Frameworks",
				);
				PRODUCT_BUNDLE_IDENTIFIER = com.bliink.Sample.BliinkSampleTests;
				PRODUCT_NAME = "$(TARGET_NAME)";
				SWIFT_VERSION = 5.0;
				TARGETED_DEVICE_FAMILY = "1,2";
				TEST_HOST = "$(BUILT_PRODUCTS_DIR)/BliinkSample.app/BliinkSample";
			};
			name = Staging;
		};
		3AC4D695208E1FCB009297AE /* Staging */ = {
			isa = XCBuildConfiguration;
			baseConfigurationReference = F22263883DFBC9BD5417C4E4 /* Pods-BliinkSampleUITests.staging.xcconfig */;
			buildSettings = {
				ALWAYS_EMBED_SWIFT_STANDARD_LIBRARIES = YES;
				CODE_SIGN_STYLE = Automatic;
				INFOPLIST_FILE = BliinkSampleUITests/Info.plist;
				LD_RUNPATH_SEARCH_PATHS = (
					"$(inherited)",
					"@executable_path/Frameworks",
					"@loader_path/Frameworks",
				);
				PRODUCT_BUNDLE_IDENTIFIER = com.bliink.Sample.BliinkSampleUITests;
				PRODUCT_NAME = "$(TARGET_NAME)";
				SWIFT_VERSION = 5.0;
				TARGETED_DEVICE_FAMILY = "1,2";
				TEST_TARGET_NAME = BliinkSample;
			};
			name = Staging;
		};
/* End XCBuildConfiguration section */

/* Begin XCConfigurationList section */
		3A9F52012088E83B00A0CA48 /* Build configuration list for PBXProject "BliinkSample" */ = {
			isa = XCConfigurationList;
			buildConfigurations = (
				3A9F522C2088E83D00A0CA48 /* Debug */,
				3AC4D692208E1FCB009297AE /* Staging */,
				3A9F522D2088E83D00A0CA48 /* Release */,
			);
			defaultConfigurationIsVisible = 0;
			defaultConfigurationName = Release;
		};
		3A9F522E2088E83D00A0CA48 /* Build configuration list for PBXNativeTarget "BliinkSample" */ = {
			isa = XCConfigurationList;
			buildConfigurations = (
				3A9F522F2088E83D00A0CA48 /* Debug */,
				3AC4D693208E1FCB009297AE /* Staging */,
				3A9F52302088E83D00A0CA48 /* Release */,
			);
			defaultConfigurationIsVisible = 0;
			defaultConfigurationName = Release;
		};
		3A9F52312088E83D00A0CA48 /* Build configuration list for PBXNativeTarget "BliinkSampleTests" */ = {
			isa = XCConfigurationList;
			buildConfigurations = (
				3A9F52322088E83D00A0CA48 /* Debug */,
				3AC4D694208E1FCB009297AE /* Staging */,
				3A9F52332088E83D00A0CA48 /* Release */,
			);
			defaultConfigurationIsVisible = 0;
			defaultConfigurationName = Release;
		};
		3A9F52342088E83D00A0CA48 /* Build configuration list for PBXNativeTarget "BliinkSampleUITests" */ = {
			isa = XCConfigurationList;
			buildConfigurations = (
				3A9F52352088E83D00A0CA48 /* Debug */,
				3AC4D695208E1FCB009297AE /* Staging */,
				3A9F52362088E83D00A0CA48 /* Release */,
			);
			defaultConfigurationIsVisible = 0;
			defaultConfigurationName = Release;
		};
/* End XCConfigurationList section */
	};
	rootObject = 3A9F51FE2088E83B00A0CA48 /* Project object */;
}
